
Microsoft Visual Studio Solution File, Format Version 12.00
# Visual Studio Version 17
Project("{8BC9CEB8-8B4A-11D0-8D11-00A0C91BC942}") = "Editor-NoGUI", "Editor-NoGUI\Editor-NoGUI.vcxproj", "{7B86DE39-67E9-6DDE-106F-A694FCB03961}"
EndProject
Project("{2150E333-8FDC-42A3-9474-1A3956D46DE8}") = "Dependencies", "Dependencies", "{53E47842-3FC8-3998-A828-34EB942B241A}"
EndProject
Project("{8BC9CEB8-8B4A-11D0-8D11-00A0C91BC942}") = "ImGui", "IronMaiden\vendors\imgui\ImGui.vcxproj", "{C0FF640D-2C14-8DBE-F595-301E616989EF}"
EndProject
Project("{8BC9CEB8-8B4A-11D0-8D11-00A0C91BC942}") = "yaml-cpp", "IronMaiden\vendors\yaml-cpp\yaml-cpp.vcxproj", "{88F1A057-74BE-FB62-9DD7-E90A890331F1}"
EndProject
Project("{8BC9CEB8-8B4A-11D0-8D11-00A0C91BC942}") = "Editor", "Editor\Editor.vcxproj", "{8C1A20B0-78BC-4A86-6177-5EDA4DB8D1D6}"
	ProjectSection(ProjectDependencies) = postProject
		{7B86DE39-67E9-6DDE-106F-A694FCB03961} = {7B86DE39-67E9-6DDE-106F-A694FCB03961}
	EndProjectSection
EndProject
Project("{8BC9CEB8-8B4A-11D0-8D11-00A0C91BC942}") = "IronMaiden", "IronMaiden\IronMaiden.vcxproj", "{8BC8E07A-7780-22C8-E087-FB23CC5EBDB8}"
EndProject
Global
	GlobalSection(SolutionConfigurationPlatforms) = preSolution
		DebugDLL|x64 = DebugDLL|x64
		Debug|x64 = Debug|x64
		Dist|x64 = Dist|x64
		Release|x64 = Release|x64
	EndGlobalSection
	GlobalSection(ProjectConfigurationPlatforms) = postSolution
		{7B86DE39-67E9-6DDE-106F-A694FCB03961}.DebugDLL|x64.ActiveCfg = DebugDLL|x64
		{7B86DE39-67E9-6DDE-106F-A694FCB03961}.DebugDLL|x64.Build.0 = DebugDLL|x64
		{7B86DE39-67E9-6DDE-106F-A694FCB03961}.Debug|x64.ActiveCfg = Debug|x64
		{7B86DE39-67E9-6DDE-106F-A694FCB03961}.Debug|x64.Build.0 = Debug|x64
		{7B86DE39-67E9-6DDE-106F-A694FCB03961}.Dist|x64.ActiveCfg = Dist|x64
		{7B86DE39-67E9-6DDE-106F-A694FCB03961}.Dist|x64.Build.0 = Dist|x64
		{7B86DE39-67E9-6DDE-106F-A694FCB03961}.Release|x64.ActiveCfg = Release|x64
		{7B86DE39-67E9-6DDE-106F-A694FCB03961}.Release|x64.Build.0 = Release|x64
		{C0FF640D-2C14-8DBE-F595-301E616989EF}.DebugDLL|x64.ActiveCfg = DebugDLL|x64
		{C0FF640D-2C14-8DBE-F595-301E616989EF}.DebugDLL|x64.Build.0 = DebugDLL|x64
		{C0FF640D-2C14-8DBE-F595-301E616989EF}.Debug|x64.ActiveCfg = Debug|x64
		{C0FF640D-2C14-8DBE-F595-301E616989EF}.Debug|x64.Build.0 = Debug|x64
		{C0FF640D-2C14-8DBE-F595-301E616989EF}.Dist|x64.ActiveCfg = Dist|x64
		{C0FF640D-2C14-8DBE-F595-301E616989EF}.Dist|x64.Build.0 = Dist|x64
		{C0FF640D-2C14-8DBE-F595-301E616989EF}.Release|x64.ActiveCfg = Release|x64
		{C0FF640D-2C14-8DBE-F595-301E616989EF}.Release|x64.Build.0 = Release|x64
		{88F1A057-74BE-FB62-9DD7-E90A890331F1}.DebugDLL|x64.ActiveCfg = DebugDLL|x64
		{88F1A057-74BE-FB62-9DD7-E90A890331F1}.DebugDLL|x64.Build.0 = DebugDLL|x64
		{88F1A057-74BE-FB62-9DD7-E90A890331F1}.Debug|x64.ActiveCfg = Debug|x64
		{88F1A057-74BE-FB62-9DD7-E90A890331F1}.Debug|x64.Build.0 = Debug|x64
		{88F1A057-74BE-FB62-9DD7-E90A890331F1}.Dist|x64.ActiveCfg = Dist|x64
		{88F1A057-74BE-FB62-9DD7-E90A890331F1}.Dist|x64.Build.0 = Dist|x64
		{88F1A057-74BE-FB62-9DD7-E90A890331F1}.Release|x64.ActiveCfg = Release|x64
		{88F1A057-74BE-FB62-9DD7-E90A890331F1}.Release|x64.Build.0 = Release|x64
		{8C1A20B0-78BC-4A86-6177-5EDA4DB8D1D6}.DebugDLL|x64.ActiveCfg = DebugDLL|x64
		{8C1A20B0-78BC-4A86-6177-5EDA4DB8D1D6}.DebugDLL|x64.Build.0 = DebugDLL|x64
		{8C1A20B0-78BC-4A86-6177-5EDA4DB8D1D6}.Debug|x64.ActiveCfg = Debug|x64
		{8C1A20B0-78BC-4A86-6177-5EDA4DB8D1D6}.Debug|x64.Build.0 = Debug|x64
		{8C1A20B0-78BC-4A86-6177-5EDA4DB8D1D6}.Dist|x64.ActiveCfg = Dist|x64
		{8C1A20B0-78BC-4A86-6177-5EDA4DB8D1D6}.Dist|x64.Build.0 = Dist|x64
		{8C1A20B0-78BC-4A86-6177-5EDA4DB8D1D6}.Release|x64.ActiveCfg = Release|x64
		{8C1A20B0-78BC-4A86-6177-5EDA4DB8D1D6}.Release|x64.Build.0 = Release|x64
		{8BC8E07A-7780-22C8-E087-FB23CC5EBDB8}.DebugDLL|x64.ActiveCfg = DebugDLL|x64
		{8BC8E07A-7780-22C8-E087-FB23CC5EBDB8}.DebugDLL|x64.Build.0 = DebugDLL|x64
		{8BC8E07A-7780-22C8-E087-FB23CC5EBDB8}.Debug|x64.ActiveCfg = Debug|x64
		{8BC8E07A-7780-22C8-E087-FB23CC5EBDB8}.Debug|x64.Build.0 = Debug|x64
		{8BC8E07A-7780-22C8-E087-FB23CC5EBDB8}.Dist|x64.ActiveCfg = Dist|x64
		{8BC8E07A-7780-22C8-E087-FB23CC5EBDB8}.Dist|x64.Build.0 = Dist|x64
		{8BC8E07A-7780-22C8-E087-FB23CC5EBDB8}.Release|x64.ActiveCfg = Release|x64
		{8BC8E07A-7780-22C8-E087-FB23CC5EBDB8}.Release|x64.Build.0 = Release|x64
	EndGlobalSection
	GlobalSection(SolutionProperties) = preSolution
		HideSolutionNode = FALSE
	EndGlobalSection
	GlobalSection(NestedProjects) = preSolution
		{C0FF640D-2C14-8DBE-F595-301E616989EF} = {53E47842-3FC8-3998-A828-34EB942B241A}
		{88F1A057-74BE-FB62-9DD7-E90A890331F1} = {53E47842-3FC8-3998-A828-34EB942B241A}
	EndGlobalSection
EndGlobal
