
Microsoft Visual Studio Solution File, Format Version 12.00
# Visual Studio Version 17
Project("{8BC9CEB8-8B4A-11D0-8D11-00A0C91BC942}") = "Editor-NoGUI", "Editor-NoGUI\Editor-NoGUI.vcxproj", "{7B86DE39-67E9-6DDE-106F-A694FCB03961}"
EndProject
Project("{8BC9CEB8-8B4A-11D0-8D11-00A0C91BC942}") = "Editor", "Editor\Editor.vcxproj", "{8C1A20B0-78BC-4A86-6177-5EDA4DB8D1D6}"
	ProjectSection(ProjectDependencies) = postProject
		{7B86DE39-67E9-6DDE-106F-A694FCB03961} = {7B86DE39-67E9-6DDE-106F-A694FCB03961}
	EndProjectSection
EndProject
Project("{8BC9CEB8-8B4A-11D0-8D11-00A0C91BC942}") = "IronMaiden", "IronMaiden\IronMaiden.vcxproj", "{8BC8E07A-7780-22C8-E087-FB23CC5EBDB8}"
EndProject
Global
	GlobalSection(SolutionConfigurationPlatforms) = preSolution
		Debug|x64 = Debug|x64
		Dist|x64 = Dist|x64
		Release|x64 = Release|x64
	EndGlobalSection
	GlobalSection(ProjectConfigurationPlatforms) = postSolution
		{7B86DE39-67E9-6DDE-106F-A694FCB03961}.Debug|x64.ActiveCfg = Debug|x64
		{7B86DE39-67E9-6DDE-106F-A694FCB03961}.Debug|x64.Build.0 = Debug|x64
		{7B86DE39-67E9-6DDE-106F-A694FCB03961}.Dist|x64.ActiveCfg = Dist|x64
		{7B86DE39-67E9-6DDE-106F-A694FCB03961}.Dist|x64.Build.0 = Dist|x64
		{7B86DE39-67E9-6DDE-106F-A694FCB03961}.Release|x64.ActiveCfg = Release|x64
		{7B86DE39-67E9-6DDE-106F-A694FCB03961}.Release|x64.Build.0 = Release|x64
		{8C1A20B0-78BC-4A86-6177-5EDA4DB8D1D6}.Debug|x64.ActiveCfg = Debug|x64
		{8C1A20B0-78BC-4A86-6177-5EDA4DB8D1D6}.Debug|x64.Build.0 = Debug|x64
		{8C1A20B0-78BC-4A86-6177-5EDA4DB8D1D6}.Dist|x64.ActiveCfg = Dist|x64
		{8C1A20B0-78BC-4A86-6177-5EDA4DB8D1D6}.Dist|x64.Build.0 = Dist|x64
		{8C1A20B0-78BC-4A86-6177-5EDA4DB8D1D6}.Release|x64.ActiveCfg = Release|x64
		{8C1A20B0-78BC-4A86-6177-5EDA4DB8D1D6}.Release|x64.Build.0 = Release|x64
		{8BC8E07A-7780-22C8-E087-FB23CC5EBDB8}.Debug|x64.ActiveCfg = Debug|x64
		{8BC8E07A-7780-22C8-E087-FB23CC5EBDB8}.Debug|x64.Build.0 = Debug|x64
		{8BC8E07A-7780-22C8-E087-FB23CC5EBDB8}.Dist|x64.ActiveCfg = Dist|x64
		{8BC8E07A-7780-22C8-E087-FB23CC5EBDB8}.Dist|x64.Build.0 = Dist|x64
		{8BC8E07A-7780-22C8-E087-FB23CC5EBDB8}.Release|x64.ActiveCfg = Release|x64
		{8BC8E07A-7780-22C8-E087-FB23CC5EBDB8}.Release|x64.Build.0 = Release|x64
	EndGlobalSection
	GlobalSection(SolutionProperties) = preSolution
		HideSolutionNode = FALSE
	EndGlobalSection
EndGlobal
