<?xml version="1.0" encoding="utf-8"?>
<Project ToolsVersion="4.0" xmlns="http://schemas.microsoft.com/developer/msbuild/2003">
  <ItemGroup>
    <Filter Include="src">
      <UniqueIdentifier>{2DAB880B-99B4-887C-2230-9F7C8E38947C}</UniqueIdentifier>
    </Filter>
    <Filter Include="src\Maiden">
      <UniqueIdentifier>{EAA9F11F-D661-336D-3F69-0CC92B40CE5D}</UniqueIdentifier>
    </Filter>
  </ItemGroup>
  <ItemGroup>
    <ClInclude Include="maidenpch.hpp" />
    <ClInclude Include="src\Maiden\Core\Base.hpp">
      <Filter>src</Filter>
    </ClInclude>
    <ClInclude Include="src\Maiden\Scene\Components.hpp">
      <Filter>src</Filter>
    </ClInclude>
    <ClInclude Include="src\Maiden\Rendering\FrameInfo.hpp">
      <Filter>src</Filter>
    </ClInclude>
    <ClInclude Include="src\Maiden\Core\H_Application.hpp">
      <Filter>src</Filter>
    </ClInclude>
    <ClInclude Include="src\Maiden\Rendering\H_Buffer.hpp">
      <Filter>src</Filter>
    </ClInclude>
    <ClInclude Include="src\Maiden\Core\H_CmdHandler.hpp">
      <Filter>src</Filter>
    </ClInclude>
    <ClInclude Include="src\Maiden\Rendering\H_Descriptors.hpp">
      <Filter>src</Filter>
    </ClInclude>
    <ClInclude Include="src\Maiden\Core\H_Device.hpp">
      <Filter>src</Filter>
    </ClInclude>
    <ClInclude Include="src\Maiden\Scene\H_Entity.hpp">
      <Filter>src</Filter>
    </ClInclude>
    <ClInclude Include="src\Maiden\Events\H_Input.hpp">
      <Filter>src</Filter>
    </ClInclude>
    <ClInclude Include="src\Maiden\Scene\H_Model.hpp">
      <Filter>src</Filter>
    </ClInclude>
    <ClInclude Include="src\Maiden\Rendering\H_Pipeline.hpp">
      <Filter>src</Filter>
    </ClInclude>
    <ClInclude Include="src\Maiden\Core\H_ProcessHandler.hpp">
      <Filter>src</Filter>
    </ClInclude>
    <ClInclude Include="src\Maiden\Rendering\H_RenderSystems.hpp">
      <Filter>src</Filter>
    </ClInclude>
    <ClInclude Include="src\Maiden\Rendering\H_Renderer.hpp">
      <Filter>src</Filter>
    </ClInclude>
    <ClInclude Include="src\Maiden\Scene\H_Scene.hpp">
      <Filter>src</Filter>
    </ClInclude>
    <ClInclude Include="src\Maiden\Scene\H_SceneSerializer.hpp">
      <Filter>src</Filter>
    </ClInclude>
    <ClInclude Include="src\Maiden\Rendering\H_SwapChain.hpp">
      <Filter>src</Filter>
    </ClInclude>
    <ClInclude Include="src\Maiden\Scene\H_Texture.hpp">
      <Filter>src</Filter>
    </ClInclude>
    <ClInclude Include="src\Maiden\Core\H_Window.hpp">
      <Filter>src</Filter>
    </ClInclude>
    <ClInclude Include="src\Maiden.hpp">
      <Filter>src</Filter>
    </ClInclude>
    <ClInclude Include="src\Maiden\Core\Main\Core.hpp">
      <Filter>src\Maiden</Filter>
    </ClInclude>
    <ClInclude Include="src\Maiden\Core\Main\EntryPoint.hpp">
      <Filter>src\Maiden</Filter>
    </ClInclude>
    <ClInclude Include="src\Maiden\Core\H_Logger.hpp">
      <Filter>src\Maiden</Filter>
    </ClInclude>
    <ClInclude Include="src\Maiden\Core\utils.hpp">
      <Filter>src</Filter>
    </ClInclude>
    <ClInclude Include="src\Maiden\Events\Event.hpp" />
    <ClInclude Include="src\Maiden\Events\InputEvent.hpp" />
    <ClInclude Include="src\Maiden\Core\Object.h" />
    <ClInclude Include="src\Maiden\Events\WindowEvent.hpp" />
    <ClInclude Include="src\Maiden\Core\H_Surface.h" />
    <ClInclude Include="src\Maiden\Core\SurfaceStack.h" />
    <ClInclude Include="src\Maiden\Scene\ScriptableEntity.hpp" />
    <ClInclude Include="src\Maiden\Core\H_Time.hpp" />
  </ItemGroup>
  <ItemGroup>
    <ClCompile Include="maidenpch.cpp" />
    <ClCompile Include="src\Maiden\Core\Application.cpp">
      <Filter>src</Filter>
    </ClCompile>
    <ClCompile Include="src\Maiden\Rendering\Buffer.cpp">
      <Filter>src</Filter>
    </ClCompile>
    <ClCompile Include="src\Maiden\Core\CmdHandler.cpp">
      <Filter>src</Filter>
    </ClCompile>
    <ClCompile Include="src\Maiden\Rendering\Descriptors.cpp">
      <Filter>src</Filter>
    </ClCompile>
    <ClCompile Include="src\Maiden\Core\Device.cpp">
      <Filter>src</Filter>
    </ClCompile>
    <ClCompile Include="src\Maiden\Scene\Entity.cpp">
      <Filter>src</Filter>
    </ClCompile>
    <ClCompile Include="src\Maiden\Events\Input.cpp">
      <Filter>src</Filter>
    </ClCompile>
    <ClCompile Include="src\Maiden\Core\Logger.cpp">
      <Filter>src\Maiden</Filter>
    </ClCompile>
    <ClCompile Include="src\Maiden\Scene\Model.cpp">
      <Filter>src</Filter>
    </ClCompile>
    <ClCompile Include="src\Maiden\Rendering\Pipeline.cpp">
      <Filter>src</Filter>
    </ClCompile>
    <ClCompile Include="src\Maiden\Core\ProcessHandler.cpp">
      <Filter>src</Filter>
    </ClCompile>
    <ClCompile Include="src\Maiden\Rendering\RenderSystems.cpp">
      <Filter>src</Filter>
    </ClCompile>
    <ClCompile Include="src\Maiden\Rendering\Renderer.cpp">
      <Filter>src</Filter>
    </ClCompile>
    <ClCompile Include="src\Maiden\Scene\Scene.cpp">
      <Filter>src</Filter>
    </ClCompile>
    <ClCompile Include="src\Maiden\Scene\SceneSerializer.cpp">
      <Filter>src</Filter>
    </ClCompile>
    <ClCompile Include="src\Maiden\Rendering\SwapChain.cpp">
      <Filter>src</Filter>
    </ClCompile>
    <ClCompile Include="src\Maiden\Scene\Texture.cpp">
      <Filter>src</Filter>
    </ClCompile>
    <ClCompile Include="src\Maiden\Core\Window.cpp">
      <Filter>src</Filter>
    </ClCompile>
    <ClCompile Include="src\Maiden\Core\Object.cpp" />
    <ClCompile Include="src\Maiden\Core\Surface.cpp" />
    <ClCompile Include="src\Maiden\Core\SurfaceStack.cpp" />
    <ClCompile Include="src\Maiden\Core\Time.cpp" />
  </ItemGroup>
</Project>