<?xml version="1.0" encoding="utf-8"?>
<Project ToolsVersion="4.0" xmlns="http://schemas.microsoft.com/developer/msbuild/2003">
  <ItemGroup>
    <Filter Include="Assets">
      <UniqueIdentifier>{3824E0A7-24C6-0A7E-0D81-1ED2F9C191CE}</UniqueIdentifier>
    </Filter>
    <Filter Include="Assets\Scripts">
      <UniqueIdentifier>{6FC36DC7-5B91-61CD-4425-D2F330923D32}</UniqueIdentifier>
    </Filter>
    <Filter Include="src">
      <UniqueIdentifier>{2DAB880B-99B4-887C-2230-9F7C8E38947C}</UniqueIdentifier>
    </Filter>
    <Filter Include="src\Scripting">
      <UniqueIdentifier>{6FBC2D98-DB7C-A9CE-A4B7-F24B1037EEAA}</UniqueIdentifier>
    </Filter>
  </ItemGroup>
  <ItemGroup>
    <ClInclude Include="src\H_Editor.hpp">
      <Filter>src</Filter>
    </ClInclude>
    <ClInclude Include="src\Scripting\H_Compiler.hpp">
      <Filter>src\Scripting</Filter>
    </ClInclude>
    <ClInclude Include="src\Scripting\Core\NativeBehaviour.hpp" />
    <ClInclude Include="Internal\HeaderSample.hpp" />
  </ItemGroup>
  <ItemGroup>
    <ClCompile Include="Assets\Scripts\controller.cpp">
      <Filter>Assets\Scripts</Filter>
    </ClCompile>
    <ClCompile Include="EditorApp.cpp" />
    <ClCompile Include="src\Editor.cpp">
      <Filter>src</Filter>
    </ClCompile>
    <ClCompile Include="src\Scripting\Compiler.cpp">
      <Filter>src\Scripting</Filter>
    </ClCompile>
  </ItemGroup>
</Project>