<?xml version="1.0" encoding="utf-8"?>
<Project ToolsVersion="17.0" xmlns="http://schemas.microsoft.com/developer/msbuild/2003">
  <ItemGroup>
    <CustomBuild Include="C:\Users\xbox\Desktop\Development\Visual Studio Libraries\yaml-cpp-master\CMakeFiles\d265d0753a2d43fd50956df722746ed5\RUN_TESTS_force.rule">
      <Filter>CMake Rules</Filter>
    </CustomBuild>
  </ItemGroup>
  <ItemGroup>
    <Filter Include="CMake Rules">
      <UniqueIdentifier>{0988C428-7F4B-3CEC-823B-C6FC058229B3}</UniqueIdentifier>
    </Filter>
  </ItemGroup>
</Project>
