<?xml version="1.0" encoding="utf-8"?>
<Project ToolsVersion="17.0" xmlns="http://schemas.microsoft.com/developer/msbuild/2003">
  <ItemGroup>
    <ClCompile Include="C:\Users\xbox\Desktop\Development\Visual Studio Libraries\yaml-cpp-master\util\parse.cpp">
      <Filter>Source Files</Filter>
    </ClCompile>
  </ItemGroup>
  <ItemGroup>
    <CustomBuild Include="C:\Users\xbox\Desktop\Development\Visual Studio Libraries\yaml-cpp-master\util\CMakeLists.txt" />
  </ItemGroup>
  <ItemGroup>
    <Filter Include="Source Files">
      <UniqueIdentifier>{A139124D-54DA-3C13-8482-32AFAFAA0423}</UniqueIdentifier>
    </Filter>
  </ItemGroup>
</Project>
